// !$*UTF8*$!
{
	archiveVersion = 1;
	classes = {
	};
	objectVersion = 46;
	objects = {

/* Begin PBXBuildFile section */
		DC9B7CDF1D060EED00EF5E56 /* PieChartView.m in Sources */ = {isa = PBXBuildFile; fileRef = DC9B7CDC1D060EED00EF5E56 /* PieChartView.m */; };
		DC9B7CE01D060EED00EF5E56 /* PieChartItem.m in Sources */ = {isa = PBXBuildFile; fileRef = DC9B7CDE1D060EED00EF5E56 /* PieChartItem.m */; };
/* End PBXBuildFile section */

/* Begin PBXCopyFilesBuildPhase section */
		DC9B7CCD1D060EAC00EF5E56 /* CopyFiles */ = {
			isa = PBXCopyFilesBuildPhase;
			buildActionMask = 2147483647;
			dstPath = "include/$(PRODUCT_NAME)";
			dstSubfolderSpec = 16;
			files = (
			);
			runOnlyForDeploymentPostprocessing = 0;
		};
/* End PBXCopyFilesBuildPhase section */

/* Begin PBXFileReference section */
		DC9B7CCF1D060EAC00EF5E56 /* libPieChartComponent.a */ = {isa = PBXFileReference; explicitFileType = archive.ar; includeInIndex = 0; path = libPieChartComponent.a; sourceTree = BUILT_PRODUCTS_DIR; };
		DC9B7CDB1D060EED00EF5E56 /* PieChartView.h */ = {isa = PBXFileReference; fileEncoding = 4; lastKnownFileType = sourcecode.c.h; path = PieChartView.h; sourceTree = "<group>"; };
		DC9B7CDC1D060EED00EF5E56 /* PieChartView.m */ = {isa = PBXFileReference; fileEncoding = 4; lastKnownFileType = sourcecode.c.objc; path = PieChartView.m; sourceTree = "<group>"; };
		DC9B7CDD1D060EED00EF5E56 /* PieChartItem.h */ = {isa = PBXFileReference; fileEncoding = 4; lastKnownFileType = sourcecode.c.h; path = PieChartItem.h; sourceTree = "<group>"; };
		DC9B7CDE1D060EED00EF5E56 /* PieChartItem.m */ = {isa = PBXFileReference; fileEncoding = 4; lastKnownFileType = sourcecode.c.objc; path = PieChartItem.m; sourceTree = "<group>"; };
/* End PBXFileReference section */

/* Begin PBXFrameworksBuildPhase section */
		DC9B7CCC1D060EAC00EF5E56 /* Frameworks */ = {
			isa = PBXFrameworksBuildPhase;
			buildActionMask = 2147483647;
			files = (
			);
			runOnlyForDeploymentPostprocessing = 0;
		};
/* End PBXFrameworksBuildPhase section */

/* Begin PBXGroup section */
		DC9B7CC61D060EAC00EF5E56 = {
			isa = PBXGroup;
			children = (
				DC9B7CD11D060EAC00EF5E56 /* PieChartComponent */,
				DC9B7CD01D060EAC00EF5E56 /* Products */,
			);
			sourceTree = "<group>";
		};
		DC9B7CD01D060EAC00EF5E56 /* Products */ = {
			isa = PBXGroup;
			children = (
				DC9B7CCF1D060EAC00EF5E56 /* libPieChartComponent.a */,
			);
			name = Products;
			sourceTree = "<group>";
		};
		DC9B7CD11D060EAC00EF5E56 /* PieChartComponent */ = {
			isa = PBXGroup;
			children = (
				DC9B7CDB1D060EED00EF5E56 /* PieChartView.h */,
				DC9B7CDC1D060EED00EF5E56 /* PieChartView.m */,
				DC9B7CDD1D060EED00EF5E56 /* PieChartItem.h */,
				DC9B7CDE1D060EED00EF5E56 /* PieChartItem.m */,
			);
			path = PieChartComponent;
			sourceTree = "<group>";
		};
/* End PBXGroup section */

/* Begin PBXNativeTarget section */
		DC9B7CCE1D060EAC00EF5E56 /* PieChartComponent */ = {
			isa = PBXNativeTarget;
			buildConfigurationList = DC9B7CD81D060EAC00EF5E56 /* Build configuration list for PBXNativeTarget "PieChartComponent" */;
			buildPhases = (
				DC9B7CCB1D060EAC00EF5E56 /* Sources */,
				DC9B7CCC1D060EAC00EF5E56 /* Frameworks */,
				DC9B7CCD1D060EAC00EF5E56 /* CopyFiles */,
			);
			buildRules = (
			);
			dependencies = (
			);
			name = PieChartComponent;
			productName = PieChartComponent;
			productReference = DC9B7CCF1D060EAC00EF5E56 /* libPieChartComponent.a */;
			productType = "com.apple.product-type.library.static";
		};
/* End PBXNativeTarget section */

/* Begin PBXProject section */
		DC9B7CC71D060EAC00EF5E56 /* Project object */ = {
			isa = PBXProject;
			attributes = {
				LastUpgradeCheck = 0730;
				ORGANIZATIONNAME = "Vitor Venturin";
				TargetAttributes = {
					DC9B7CCE1D060EAC00EF5E56 = {
						CreatedOnToolsVersion = 7.3.1;
					};
				};
			};
			buildConfigurationList = DC9B7CCA1D060EAC00EF5E56 /* Build configuration list for PBXProject "PieChartComponent" */;
			compatibilityVersion = "Xcode 3.2";
			developmentRegion = English;
			hasScannedForEncodings = 0;
			knownRegions = (
				en,
			);
			mainGroup = DC9B7CC61D060EAC00EF5E56;
			productRefGroup = DC9B7CD01D060EAC00EF5E56 /* Products */;
			projectDirPath = "";
			projectRoot = "";
			targets = (
				DC9B7CCE1D060EAC00EF5E56 /* PieChartComponent */,
			);
		};
/* End PBXProject section */

/* Begin PBXSourcesBuildPhase section */
		DC9B7CCB1D060EAC00EF5E56 /* Sources */ = {
			isa = PBXSourcesBuildPhase;
			buildActionMask = 2147483647;
			files = (
				DC9B7CE01D060EED00EF5E56 /* PieChartItem.m in Sources */,
				DC9B7CDF1D060EED00EF5E56 /* PieChartView.m in Sources */,
			);
			runOnlyForDeploymentPostprocessing = 0;
		};
/* End PBXSourcesBuildPhase section */

/* Begin XCBuildConfiguration section */
		DC9B7CD61D060EAC00EF5E56 /* Debug */ = {
			isa = XCBuildConfiguration;
			buildSettings = {
				ALWAYS_SEARCH_USER_PATHS = NO;
				CLANG_ANALYZER_NONNULL = YES;
				CLANG_CXX_LANGUAGE_STANDARD = "gnu++0x";
				CLANG_CXX_LIBRARY = "libc++";
				CLANG_ENABLE_MODULES = YES;
				CLANG_ENABLE_OBJC_ARC = YES;
				CLANG_WARN_BOOL_CONVERSION = YES;
				CLANG_WARN_CONSTANT_CONVERSION = YES;
				CLANG_WARN_DIRECT_OBJC_ISA_USAGE = YES_ERROR;
				CLANG_WARN_EMPTY_BODY = YES;
				CLANG_WARN_ENUM_CONVERSION = YES;
				CLANG_WARN_INT_CONVERSION = YES;
				CLANG_WARN_OBJC_ROOT_CLASS = YES_ERROR;
				CLANG_WARN_UNREACHABLE_CODE = YES;
				CLANG_WARN__DUPLICATE_METHOD_MATCH = YES;
				"CODE_SIGN_IDENTITY[sdk=iphoneos*]" = "iPhone Developer";
				COPY_PHASE_STRIP = NO;
				DEBUG_INFORMATION_FORMAT = dwarf;
				ENABLE_STRICT_OBJC_MSGSEND = YES;
				ENABLE_TESTABILITY = YES;
				GCC_C_LANGUAGE_STANDARD = gnu99;
				GCC_DYNAMIC_NO_PIC = NO;
				GCC_NO_COMMON_BLOCKS = YES;
				GCC_OPTIMIZATION_LEVEL = 0;
				GCC_PREPROCESSOR_DEFINITIONS = (
					"DEBUG=1",
					"$(inherited)",
				);
				GCC_WARN_64_TO_32_BIT_CONVERSION = YES;
				GCC_WARN_ABOUT_RETURN_TYPE = YES_ERROR;
				GCC_WARN_UNDECLARED_SELECTOR = YES;
				GCC_WARN_UNINITIALIZED_AUTOS = YES_AGGRESSIVE;
				GCC_WARN_UNUSED_FUNCTION = YES;
				GCC_WARN_UNUSED_VARIABLE = YES;
				IPHONEOS_DEPLOYMENT_TARGET = 9.3;
				MTL_ENABLE_DEBUG_INFO = YES;
				ONLY_ACTIVE_ARCH = YES;
				SDKROOT = iphoneos;
			};
			name = Debug;
		};
		DC9B7CD71D060EAC00EF5E56 /* Release */ = {
			isa = XCBuildConfiguration;
			buildSettings = {
				ALWAYS_SEARCH_USER_PATHS = NO;
				CLANG_ANALYZER_NONNULL = YES;
				CLANG_CXX_LANGUAGE_STANDARD = "gnu++0x";
				CLANG_CXX_LIBRARY = "libc++";
				CLANG_ENABLE_MODULES = YES;
				CLANG_ENABLE_OBJC_ARC = YES;
				CLANG_WARN_BOOL_CONVERSION = YES;
				CLANG_WARN_CONSTANT_CONVERSION = YES;
				CLANG_WARN_DIRECT_OBJC_ISA_USAGE = YES_ERROR;
				CLANG_WARN_EMPTY_BODY = YES;
				CLANG_WARN_ENUM_CONVERSION = YES;
				CLANG_WARN_INT_CONVERSION = YES;
				CLANG_WARN_OBJC_ROOT_CLASS = YES_ERROR;
				CLANG_WARN_UNREACHABLE_CODE = YES;
				CLANG_WARN__DUPLICATE_METHOD_MATCH = YES;
				"CODE_SIGN_IDENTITY[sdk=iphoneos*]" = "iPhone Developer";
				COPY_PHASE_STRIP = NO;
				DEBUG_INFORMATION_FORMAT = "dwarf-with-dsym";
				ENABLE_NS_ASSERTIONS = NO;
				ENABLE_STRICT_OBJC_MSGSEND = YES;
				GCC_C_LANGUAGE_STANDARD = gnu99;
				GCC_NO_COMMON_BLOCKS = YES;
				GCC_WARN_64_TO_32_BIT_CONVERSION = YES;
				GCC_WARN_ABOUT_RETURN_TYPE = YES_ERROR;
				GCC_WARN_UNDECLARED_SELECTOR = YES;
				GCC_WARN_UNINITIALIZED_AUTOS = YES_AGGRESSIVE;
				GCC_WARN_UNUSED_FUNCTION = YES;
				GCC_WARN_UNUSED_VARIABLE = YES;
				IPHONEOS_DEPLOYMENT_TARGET = 9.3;
				MTL_ENABLE_DEBUG_INFO = NO;
				SDKROOT = iphoneos;
				VALIDATE_PRODUCT = YES;
			};
			name = Release;
		};
		DC9B7CD91D060EAC00EF5E56 /* Debug */ = {
			isa = XCBuildConfiguration;
			buildSettings = {
				OTHER_LDFLAGS = "-ObjC";
				PRODUCT_NAME = "$(TARGET_NAME)";
				SKIP_INSTALL = YES;
			};
			name = Debug;
		};
		DC9B7CDA1D060EAC00EF5E56 /* Release */ = {
			isa = XCBuildConfiguration;
			buildSettings = {
				OTHER_LDFLAGS = "-ObjC";
				PRODUCT_NAME = "$(TARGET_NAME)";
				SKIP_INSTALL = YES;
			};
			name = Release;
		};
/* End XCBuildConfiguration section */

/* Begin XCConfigurationList section */
		DC9B7CCA1D060EAC00EF5E56 /* Build configuration list for PBXProject "PieChartComponent" */ = {
			isa = XCConfigurationList;
			buildConfigurations = (
				DC9B7CD61D060EAC00EF5E56 /* Debug */,
				DC9B7CD71D060EAC00EF5E56 /* Release */,
			);
			defaultConfigurationIsVisible = 0;
			defaultConfigurationName = Release;
		};
		DC9B7CD81D060EAC00EF5E56 /* Build configuration list for PBXNativeTarget "PieChartComponent" */ = {
			isa = XCConfigurationList;
			buildConfigurations = (
				DC9B7CD91D060EAC00EF5E56 /* Debug */,
				DC9B7CDA1D060EAC00EF5E56 /* Release */,
			);
			defaultConfigurationIsVisible = 0;
		};
/* End XCConfigurationList section */
	};
	rootObject = DC9B7CC71D060EAC00EF5E56 /* Project object */;
}
